// !$*UTF8*$!
{
	archiveVersion = 1;
	classes = {
	};
	objectVersion = 48;
	objects = {

/* Begin PBXBuildFile section */
		965914902021DFA200EABD54 /* AppDelegate.swift in Sources */ = {isa = PBXBuildFile; fileRef = 9659148F2021DFA200EABD54 /* AppDelegate.swift */; };
		965914922021DFA200EABD54 /* ViewController.swift in Sources */ = {isa = PBXBuildFile; fileRef = 965914912021DFA200EABD54 /* ViewController.swift */; };
		965914952021DFA200EABD54 /* Main.storyboard in Resources */ = {isa = PBXBuildFile; fileRef = 965914932021DFA200EABD54 /* Main.storyboard */; };
		965914982021DFA200EABD54 /* testGit.xcdatamodeld in Sources */ = {isa = PBXBuildFile; fileRef = 965914962021DFA200EABD54 /* testGit.xcdatamodeld */; };
		9659149A2021DFA200EABD54 /* Assets.xcassets in Resources */ = {isa = PBXBuildFile; fileRef = 965914992021DFA200EABD54 /* Assets.xcassets */; };
		9659149D2021DFA200EABD54 /* LaunchScreen.storyboard in Resources */ = {isa = PBXBuildFile; fileRef = 9659149B2021DFA200EABD54 /* LaunchScreen.storyboard */; };
		965914A82021DFA300EABD54 /* testGitTests.swift in Sources */ = {isa = PBXBuildFile; fileRef = 965914A72021DFA300EABD54 /* testGitTests.swift */; };
		965914B32021DFA300EABD54 /* testGitUITests.swift in Sources */ = {isa = PBXBuildFile; fileRef = 965914B22021DFA300EABD54 /* testGitUITests.swift */; };
		965914C12021EFFA00EABD54 /* File.swift in Sources */ = {isa = PBXBuildFile; fileRef = 965914C02021EFFA00EABD54 /* File.swift */; };
		967C4AFD202218C000CB35BE /* Alamofire.framework in Frameworks */ = {isa = PBXBuildFile; fileRef = 967C4AF02022188A00CB35BE /* Alamofire.framework */; };
		967C4AFE202218C000CB35BE /* Alamofire.framework in Embed Frameworks */ = {isa = PBXBuildFile; fileRef = 967C4AF02022188A00CB35BE /* Alamofire.framework */; settings = {ATTRIBUTES = (CodeSignOnCopy, RemoveHeadersOnCopy, ); }; };
/* End PBXBuildFile section */

/* Begin PBXContainerItemProxy section */
		965914A42021DFA300EABD54 /* PBXContainerItemProxy */ = {
			isa = PBXContainerItemProxy;
			containerPortal = 965914842021DFA200EABD54 /* Project object */;
			proxyType = 1;
			remoteGlobalIDString = 9659148B2021DFA200EABD54;
			remoteInfo = testGit;
		};
		965914AF2021DFA300EABD54 /* PBXContainerItemProxy */ = {
			isa = PBXContainerItemProxy;
			containerPortal = 965914842021DFA200EABD54 /* Project object */;
			proxyType = 1;
			remoteGlobalIDString = 9659148B2021DFA200EABD54;
			remoteInfo = testGit;
		};
		967C4AEF2022188A00CB35BE /* PBXContainerItemProxy */ = {
			isa = PBXContainerItemProxy;
			containerPortal = 967C4AE42022188A00CB35BE /* Alamofire.xcodeproj */;
			proxyType = 2;
			remoteGlobalIDString = F8111E3319A95C8B0040E7D1;
			remoteInfo = "Alamofire iOS";
		};
		967C4AF12022188A00CB35BE /* PBXContainerItemProxy */ = {
			isa = PBXContainerItemProxy;
			containerPortal = 967C4AE42022188A00CB35BE /* Alamofire.xcodeproj */;
			proxyType = 2;
			remoteGlobalIDString = F8111E3E19A95C8B0040E7D1;
			remoteInfo = "Alamofire iOS Tests";
		};
		967C4AF32022188A00CB35BE /* PBXContainerItemProxy */ = {
			isa = PBXContainerItemProxy;
			containerPortal = 967C4AE42022188A00CB35BE /* Alamofire.xcodeproj */;
			proxyType = 2;
			remoteGlobalIDString = 4DD67C0B1A5C55C900ED2280;
			remoteInfo = "Alamofire macOS";
		};
		967C4AF52022188A00CB35BE /* PBXContainerItemProxy */ = {
			isa = PBXContainerItemProxy;
			containerPortal = 967C4AE42022188A00CB35BE /* Alamofire.xcodeproj */;
			proxyType = 2;
			remoteGlobalIDString = F829C6B21A7A94F100A2CD59;
			remoteInfo = "Alamofire macOS Tests";
		};
		967C4AF72022188A00CB35BE /* PBXContainerItemProxy */ = {
			isa = PBXContainerItemProxy;
			containerPortal = 967C4AE42022188A00CB35BE /* Alamofire.xcodeproj */;
			proxyType = 2;
			remoteGlobalIDString = 4CF626EF1BA7CB3E0011A099;
			remoteInfo = "Alamofire tvOS";
		};
		967C4AF92022188A00CB35BE /* PBXContainerItemProxy */ = {
			isa = PBXContainerItemProxy;
			containerPortal = 967C4AE42022188A00CB35BE /* Alamofire.xcodeproj */;
			proxyType = 2;
			remoteGlobalIDString = 4CF626F81BA7CB3E0011A099;
			remoteInfo = "Alamofire tvOS Tests";
		};
		967C4AFB2022188A00CB35BE /* PBXContainerItemProxy */ = {
			isa = PBXContainerItemProxy;
			containerPortal = 967C4AE42022188A00CB35BE /* Alamofire.xcodeproj */;
			proxyType = 2;
			remoteGlobalIDString = E4202FE01B667AA100C997FB;
			remoteInfo = "Alamofire watchOS";
		};
/* End PBXContainerItemProxy section */

/* Begin PBXCopyFilesBuildPhase section */
		967C4AE22022165300CB35BE /* Embed Frameworks */ = {
			isa = PBXCopyFilesBuildPhase;
			buildActionMask = 2147483647;
			dstPath = "";
			dstSubfolderSpec = 10;
			files = (
				967C4AFE202218C000CB35BE /* Alamofire.framework in Embed Frameworks */,
			);
			name = "Embed Frameworks";
			runOnlyForDeploymentPostprocessing = 0;
		};
/* End PBXCopyFilesBuildPhase section */

/* Begin PBXFileReference section */
		9659148C2021DFA200EABD54 /* testGit.app */ = {isa = PBXFileReference; explicitFileType = wrapper.application; includeInIndex = 0; path = testGit.app; sourceTree = BUILT_PRODUCTS_DIR; };
		9659148F2021DFA200EABD54 /* AppDelegate.swift */ = {isa = PBXFileReference; lastKnownFileType = sourcecode.swift; path = AppDelegate.swift; sourceTree = "<group>"; };
		965914912021DFA200EABD54 /* ViewController.swift */ = {isa = PBXFileReference; lastKnownFileType = sourcecode.swift; path = ViewController.swift; sourceTree = "<group>"; };
		965914942021DFA200EABD54 /* Base */ = {isa = PBXFileReference; lastKnownFileType = file.storyboard; name = Base; path = Base.lproj/Main.storyboard; sourceTree = "<group>"; };
		965914972021DFA200EABD54 /* testGit.xcdatamodel */ = {isa = PBXFileReference; lastKnownFileType = wrapper.xcdatamodel; path = testGit.xcdatamodel; sourceTree = "<group>"; };
		965914992021DFA200EABD54 /* Assets.xcassets */ = {isa = PBXFileReference; lastKnownFileType = folder.assetcatalog; path = Assets.xcassets; sourceTree = "<group>"; };
		9659149C2021DFA200EABD54 /* Base */ = {isa = PBXFileReference; lastKnownFileType = file.storyboard; name = Base; path = Base.lproj/LaunchScreen.storyboard; sourceTree = "<group>"; };
		9659149E2021DFA200EABD54 /* Info.plist */ = {isa = PBXFileReference; lastKnownFileType = text.plist.xml; path = Info.plist; sourceTree = "<group>"; };
		965914A32021DFA300EABD54 /* testGitTests.xctest */ = {isa = PBXFileReference; explicitFileType = wrapper.cfbundle; includeInIndex = 0; path = testGitTests.xctest; sourceTree = BUILT_PRODUCTS_DIR; };
		965914A72021DFA300EABD54 /* testGitTests.swift */ = {isa = PBXFileReference; lastKnownFileType = sourcecode.swift; path = testGitTests.swift; sourceTree = "<group>"; };
		965914A92021DFA300EABD54 /* Info.plist */ = {isa = PBXFileReference; lastKnownFileType = text.plist.xml; path = Info.plist; sourceTree = "<group>"; };
		965914AE2021DFA300EABD54 /* testGitUITests.xctest */ = {isa = PBXFileReference; explicitFileType = wrapper.cfbundle; includeInIndex = 0; path = testGitUITests.xctest; sourceTree = BUILT_PRODUCTS_DIR; };
		965914B22021DFA300EABD54 /* testGitUITests.swift */ = {isa = PBXFileReference; lastKnownFileType = sourcecode.swift; path = testGitUITests.swift; sourceTree = "<group>"; };
		965914B42021DFA300EABD54 /* Info.plist */ = {isa = PBXFileReference; lastKnownFileType = text.plist.xml; path = Info.plist; sourceTree = "<group>"; };
		965914C02021EFFA00EABD54 /* File.swift */ = {isa = PBXFileReference; lastKnownFileType = sourcecode.swift; path = File.swift; sourceTree = "<group>"; };
		967C4AE42022188A00CB35BE /* Alamofire.xcodeproj */ = {isa = PBXFileReference; lastKnownFileType = "wrapper.pb-project"; name = Alamofire.xcodeproj; path = Alamofire/Alamofire.xcodeproj; sourceTree = SOURCE_ROOT; };
/* End PBXFileReference section */

/* Begin PBXFrameworksBuildPhase section */
		965914892021DFA200EABD54 /* Frameworks */ = {
			isa = PBXFrameworksBuildPhase;
			buildActionMask = 2147483647;
			files = (
				967C4AFD202218C000CB35BE /* Alamofire.framework in Frameworks */,
			);
			runOnlyForDeploymentPostprocessing = 0;
		};
		965914A02021DFA300EABD54 /* Frameworks */ = {
			isa = PBXFrameworksBuildPhase;
			buildActionMask = 2147483647;
			files = (
			);
			runOnlyForDeploymentPostprocessing = 0;
		};
		965914AB2021DFA300EABD54 /* Frameworks */ = {
			isa = PBXFrameworksBuildPhase;
			buildActionMask = 2147483647;
			files = (
			);
			runOnlyForDeploymentPostprocessing = 0;
		};
/* End PBXFrameworksBuildPhase section */

/* Begin PBXGroup section */
		965914832021DFA200EABD54 = {
			isa = PBXGroup;
			children = (
				9659148E2021DFA200EABD54 /* testGit */,
				965914A62021DFA300EABD54 /* testGitTests */,
				965914B12021DFA300EABD54 /* testGitUITests */,
				9659148D2021DFA200EABD54 /* Products */,
			);
			sourceTree = "<group>";
		};
		9659148D2021DFA200EABD54 /* Products */ = {
			isa = PBXGroup;
			children = (
				9659148C2021DFA200EABD54 /* testGit.app */,
				965914A32021DFA300EABD54 /* testGitTests.xctest */,
				965914AE2021DFA300EABD54 /* testGitUITests.xctest */,
			);
			name = Products;
			sourceTree = "<group>";
		};
		9659148E2021DFA200EABD54 /* testGit */ = {
			isa = PBXGroup;
			children = (
				967C4AE32022187A00CB35BE /* Alamofire */,
				9659148F2021DFA200EABD54 /* AppDelegate.swift */,
				965914912021DFA200EABD54 /* ViewController.swift */,
				965914932021DFA200EABD54 /* Main.storyboard */,
				965914992021DFA200EABD54 /* Assets.xcassets */,
				9659149B2021DFA200EABD54 /* LaunchScreen.storyboard */,
				9659149E2021DFA200EABD54 /* Info.plist */,
				965914962021DFA200EABD54 /* testGit.xcdatamodeld */,
				965914C02021EFFA00EABD54 /* File.swift */,
			);
			path = testGit;
			sourceTree = "<group>";
		};
		965914A62021DFA300EABD54 /* testGitTests */ = {
			isa = PBXGroup;
			children = (
				965914A72021DFA300EABD54 /* testGitTests.swift */,
				965914A92021DFA300EABD54 /* Info.plist */,
			);
			path = testGitTests;
			sourceTree = "<group>";
		};
		965914B12021DFA300EABD54 /* testGitUITests */ = {
			isa = PBXGroup;
			children = (
				965914B22021DFA300EABD54 /* testGitUITests.swift */,
				965914B42021DFA300EABD54 /* Info.plist */,
			);
			path = testGitUITests;
			sourceTree = "<group>";
		};
		967C4AE32022187A00CB35BE /* Alamofire */ = {
			isa = PBXGroup;
			children = (
				967C4AE42022188A00CB35BE /* Alamofire.xcodeproj */,
			);
			path = Alamofire;
			sourceTree = "<group>";
		};
		967C4AE52022188A00CB35BE /* Products */ = {
			isa = PBXGroup;
			children = (
				967C4AF02022188A00CB35BE /* Alamofire.framework */,
				967C4AF22022188A00CB35BE /* Alamofire iOS Tests.xctest */,
				967C4AF42022188A00CB35BE /* Alamofire.framework */,
				967C4AF62022188A00CB35BE /* Alamofire macOS Tests.xctest */,
				967C4AF82022188A00CB35BE /* Alamofire.framework */,
				967C4AFA2022188A00CB35BE /* Alamofire tvOS Tests.xctest */,
				967C4AFC2022188A00CB35BE /* Alamofire.framework */,
			);
			name = Products;
			sourceTree = "<group>";
		};
/* End PBXGroup section */

/* Begin PBXNativeTarget section */
		9659148B2021DFA200EABD54 /* testGit */ = {
			isa = PBXNativeTarget;
			buildConfigurationList = 965914B72021DFA300EABD54 /* Build configuration list for PBXNativeTarget "testGit" */;
			buildPhases = (
				965914882021DFA200EABD54 /* Sources */,
				965914892021DFA200EABD54 /* Frameworks */,
				9659148A2021DFA200EABD54 /* Resources */,
				967C4AE22022165300CB35BE /* Embed Frameworks */,
			);
			buildRules = (
			);
			dependencies = (
			);
			name = testGit;
			productName = testGit;
			productReference = 9659148C2021DFA200EABD54 /* testGit.app */;
			productType = "com.apple.product-type.application";
		};
		965914A22021DFA300EABD54 /* testGitTests */ = {
			isa = PBXNativeTarget;
			buildConfigurationList = 965914BA2021DFA300EABD54 /* Build configuration list for PBXNativeTarget "testGitTests" */;
			buildPhases = (
				9659149F2021DFA300EABD54 /* Sources */,
				965914A02021DFA300EABD54 /* Frameworks */,
				965914A12021DFA300EABD54 /* Resources */,
			);
			buildRules = (
			);
			dependencies = (
				965914A52021DFA300EABD54 /* PBXTargetDependency */,
			);
			name = testGitTests;
			productName = testGitTests;
			productReference = 965914A32021DFA300EABD54 /* testGitTests.xctest */;
			productType = "com.apple.product-type.bundle.unit-test";
		};
		965914AD2021DFA300EABD54 /* testGitUITests */ = {
			isa = PBXNativeTarget;
			buildConfigurationList = 965914BD2021DFA300EABD54 /* Build configuration list for PBXNativeTarget "testGitUITests" */;
			buildPhases = (
				965914AA2021DFA300EABD54 /* Sources */,
				965914AB2021DFA300EABD54 /* Frameworks */,
				965914AC2021DFA300EABD54 /* Resources */,
			);
			buildRules = (
			);
			dependencies = (
				965914B02021DFA300EABD54 /* PBXTargetDependency */,
			);
			name = testGitUITests;
			productName = testGitUITests;
			productReference = 965914AE2021DFA300EABD54 /* testGitUITests.xctest */;
			productType = "com.apple.product-type.bundle.ui-testing";
		};
/* End PBXNativeTarget section */

/* Begin PBXProject section */
		965914842021DFA200EABD54 /* Project object */ = {
			isa = PBXProject;
			attributes = {
				LastSwiftUpdateCheck = 0920;
				LastUpgradeCheck = 0920;
				ORGANIZATIONNAME = MaGC;
				TargetAttributes = {
					9659148B2021DFA200EABD54 = {
						CreatedOnToolsVersion = 9.2;
						ProvisioningStyle = Automatic;
					};
					965914A22021DFA300EABD54 = {
						CreatedOnToolsVersion = 9.2;
						ProvisioningStyle = Automatic;
						TestTargetID = 9659148B2021DFA200EABD54;
					};
					965914AD2021DFA300EABD54 = {
						CreatedOnToolsVersion = 9.2;
						ProvisioningStyle = Automatic;
						TestTargetID = 9659148B2021DFA200EABD54;
					};
				};
			};
			buildConfigurationList = 965914872021DFA200EABD54 /* Build configuration list for PBXProject "testGit" */;
			compatibilityVersion = "Xcode 8.0";
			developmentRegion = en;
			hasScannedForEncodings = 0;
			knownRegions = (
				en,
				Base,
			);
			mainGroup = 965914832021DFA200EABD54;
			productRefGroup = 9659148D2021DFA200EABD54 /* Products */;
			projectDirPath = "";
			projectReferences = (
				{
					ProductGroup = 967C4AE52022188A00CB35BE /* Products */;
					ProjectRef = 967C4AE42022188A00CB35BE /* Alamofire.xcodeproj */;
				},
			);
			projectRoot = "";
			targets = (
				9659148B2021DFA200EABD54 /* testGit */,
				965914A22021DFA300EABD54 /* testGitTests */,
				965914AD2021DFA300EABD54 /* testGitUITests */,
			);
		};
/* End PBXProject section */

/* Begin PBXReferenceProxy section */
		967C4AF02022188A00CB35BE /* Alamofire.framework */ = {
			isa = PBXReferenceProxy;
			fileType = wrapper.framework;
			path = Alamofire.framework;
			remoteRef = 967C4AEF2022188A00CB35BE /* PBXContainerItemProxy */;
			sourceTree = BUILT_PRODUCTS_DIR;
		};
		967C4AF22022188A00CB35BE /* Alamofire iOS Tests.xctest */ = {
			isa = PBXReferenceProxy;
			fileType = wrapper.cfbundle;
			path = "Alamofire iOS Tests.xctest";
			remoteRef = 967C4AF12022188A00CB35BE /* PBXContainerItemProxy */;
			sourceTree = BUILT_PRODUCTS_DIR;
		};
		967C4AF42022188A00CB35BE /* Alamofire.framework */ = {
			isa = PBXReferenceProxy;
			fileType = wrapper.framework;
			path = Alamofire.framework;
			remoteRef = 967C4AF32022188A00CB35BE /* PBXContainerItemProxy */;
			sourceTree = BUILT_PRODUCTS_DIR;
		};
		967C4AF62022188A00CB35BE /* Alamofire macOS Tests.xctest */ = {
			isa = PBXReferenceProxy;
			fileType = wrapper.cfbundle;
			path = "Alamofire macOS Tests.xctest";
			remoteRef = 967C4AF52022188A00CB35BE /* PBXContainerItemProxy */;
			sourceTree = BUILT_PRODUCTS_DIR;
		};
		967C4AF82022188A00CB35BE /* Alamofire.framework */ = {
			isa = PBXReferenceProxy;
			fileType = wrapper.framework;
			path = Alamofire.framework;
			remoteRef = 967C4AF72022188A00CB35BE /* PBXContainerItemProxy */;
			sourceTree = BUILT_PRODUCTS_DIR;
		};
		967C4AFA2022188A00CB35BE /* Alamofire tvOS Tests.xctest */ = {
			isa = PBXReferenceProxy;
			fileType = wrapper.cfbundle;
			path = "Alamofire tvOS Tests.xctest";
			remoteRef = 967C4AF92022188A00CB35BE /* PBXContainerItemProxy */;
			sourceTree = BUILT_PRODUCTS_DIR;
		};
		967C4AFC2022188A00CB35BE /* Alamofire.framework */ = {
			isa = PBXReferenceProxy;
			fileType = wrapper.framework;
			path = Alamofire.framework;
			remoteRef = 967C4AFB2022188A00CB35BE /* PBXContainerItemProxy */;
			sourceTree = BUILT_PRODUCTS_DIR;
		};
/* End PBXReferenceProxy section */

/* Begin PBXResourcesBuildPhase section */
		9659148A2021DFA200EABD54 /* Resources */ = {
			isa = PBXResourcesBuildPhase;
			buildActionMask = 2147483647;
			files = (
				9659149D2021DFA200EABD54 /* LaunchScreen.storyboard in Resources */,
				9659149A2021DFA200EABD54 /* Assets.xcassets in Resources */,
				965914952021DFA200EABD54 /* Main.storyboard in Resources */,
			);
			runOnlyForDeploymentPostprocessing = 0;
		};
		965914A12021DFA300EABD54 /* Resources */ = {
			isa = PBXResourcesBuildPhase;
			buildActionMask = 2147483647;
			files = (
			);
			runOnlyForDeploymentPostprocessing = 0;
		};
		965914AC2021DFA300EABD54 /* Resources */ = {
			isa = PBXResourcesBuildPhase;
			buildActionMask = 2147483647;
			files = (
			);
			runOnlyForDeploymentPostprocessing = 0;
		};
/* End PBXResourcesBuildPhase section */

/* Begin PBXSourcesBuildPhase section */
		965914882021DFA200EABD54 /* Sources */ = {
			isa = PBXSourcesBuildPhase;
			buildActionMask = 2147483647;
			files = (
				965914922021DFA200EABD54 /* ViewController.swift in Sources */,
				965914C12021EFFA00EABD54 /* File.swift in Sources */,
				965914902021DFA200EABD54 /* AppDelegate.swift in Sources */,
				965914982021DFA200EABD54 /* testGit.xcdatamodeld in Sources */,
			);
			runOnlyForDeploymentPostprocessing = 0;
		};
		9659149F2021DFA300EABD54 /* Sources */ = {
			isa = PBXSourcesBuildPhase;
			buildActionMask = 2147483647;
			files = (
				965914A82021DFA300EABD54 /* testGitTests.swift in Sources */,
			);
			runOnlyForDeploymentPostprocessing = 0;
		};
		965914AA2021DFA300EABD54 /* Sources */ = {
			isa = PBXSourcesBuildPhase;
			buildActionMask = 2147483647;
			files = (
				965914B32021DFA300EABD54 /* testGitUITests.swift in Sources */,
			);
			runOnlyForDeploymentPostprocessing = 0;
		};
/* End PBXSourcesBuildPhase section */

/* Begin PBXTargetDependency section */
		965914A52021DFA300EABD54 /* PBXTargetDependency */ = {
			isa = PBXTargetDependency;
			target = 9659148B2021DFA200EABD54 /* testGit */;
			targetProxy = 965914A42021DFA300EABD54 /* PBXContainerItemProxy */;
		};
		965914B02021DFA300EABD54 /* PBXTargetDependency */ = {
			isa = PBXTargetDependency;
			target = 9659148B2021DFA200EABD54 /* testGit */;
			targetProxy = 965914AF2021DFA300EABD54 /* PBXContainerItemProxy */;
		};
/* End PBXTargetDependency section */

/* Begin PBXVariantGroup section */
		965914932021DFA200EABD54 /* Main.storyboard */ = {
			isa = PBXVariantGroup;
			children = (
				965914942021DFA200EABD54 /* Base */,
			);
			name = Main.storyboard;
			sourceTree = "<group>";
		};
		9659149B2021DFA200EABD54 /* LaunchScreen.storyboard */ = {
			isa = PBXVariantGroup;
			children = (
				9659149C2021DFA200EABD54 /* Base */,
			);
			name = LaunchScreen.storyboard;
			sourceTree = "<group>";
		};
/* End PBXVariantGroup section */

/* Begin XCBuildConfiguration section */
		965914B52021DFA300EABD54 /* Debug */ = {
			isa = XCBuildConfiguration;
			buildSettings = {
				ALWAYS_SEARCH_USER_PATHS = NO;
				CLANG_ANALYZER_NONNULL = YES;
				CLANG_ANALYZER_NUMBER_OBJECT_CONVERSION = YES_AGGRESSIVE;
				CLANG_CXX_LANGUAGE_STANDARD = "gnu++14";
				CLANG_CXX_LIBRARY = "libc++";
				CLANG_ENABLE_MODULES = YES;
				CLANG_ENABLE_OBJC_ARC = YES;
				CLANG_WARN_BLOCK_CAPTURE_AUTORELEASING = YES;
				CLANG_WARN_BOOL_CONVERSION = YES;
				CLANG_WARN_COMMA = YES;
				CLANG_WARN_CONSTANT_CONVERSION = YES;
				CLANG_WARN_DIRECT_OBJC_ISA_USAGE = YES_ERROR;
				CLANG_WARN_DOCUMENTATION_COMMENTS = YES;
				CLANG_WARN_EMPTY_BODY = YES;
				CLANG_WARN_ENUM_CONVERSION = YES;
				CLANG_WARN_INFINITE_RECURSION = YES;
				CLANG_WARN_INT_CONVERSION = YES;
				CLANG_WARN_NON_LITERAL_NULL_CONVERSION = YES;
				CLANG_WARN_OBJC_LITERAL_CONVERSION = YES;
				CLANG_WARN_OBJC_ROOT_CLASS = YES_ERROR;
				CLANG_WARN_RANGE_LOOP_ANALYSIS = YES;
				CLANG_WARN_STRICT_PROTOTYPES = YES;
				CLANG_WARN_SUSPICIOUS_MOVE = YES;
				CLANG_WARN_UNGUARDED_AVAILABILITY = YES_AGGRESSIVE;
				CLANG_WARN_UNREACHABLE_CODE = YES;
				CLANG_WARN__DUPLICATE_METHOD_MATCH = YES;
				CODE_SIGN_IDENTITY = "iPhone Developer";
				COPY_PHASE_STRIP = NO;
				DEBUG_INFORMATION_FORMAT = dwarf;
				ENABLE_STRICT_OBJC_MSGSEND = YES;
				ENABLE_TESTABILITY = YES;
				GCC_C_LANGUAGE_STANDARD = gnu11;
				GCC_DYNAMIC_NO_PIC = NO;
				GCC_NO_COMMON_BLOCKS = YES;
				GCC_OPTIMIZATION_LEVEL = 0;
				GCC_PREPROCESSOR_DEFINITIONS = (
					"DEBUG=1",
					"$(inherited)",
				);
				GCC_WARN_64_TO_32_BIT_CONVERSION = YES;
				GCC_WARN_ABOUT_RETURN_TYPE = YES_ERROR;
				GCC_WARN_UNDECLARED_SELECTOR = YES;
				GCC_WARN_UNINITIALIZED_AUTOS = YES_AGGRESSIVE;
				GCC_WARN_UNUSED_FUNCTION = YES;
				GCC_WARN_UNUSED_VARIABLE = YES;
				IPHONEOS_DEPLOYMENT_TARGET = 11.2;
				MTL_ENABLE_DEBUG_INFO = YES;
				ONLY_ACTIVE_ARCH = YES;
				SDKROOT = iphoneos;
				SWIFT_ACTIVE_COMPILATION_CONDITIONS = DEBUG;
				SWIFT_OPTIMIZATION_LEVEL = "-Onone";
			};
			name = Debug;
		};
		965914B62021DFA300EABD54 /* Release */ = {
			isa = XCBuildConfiguration;
			buildSettings = {
				ALWAYS_SEARCH_USER_PATHS = NO;
				CLANG_ANALYZER_NONNULL = YES;
				CLANG_ANALYZER_NUMBER_OBJECT_CONVERSION = YES_AGGRESSIVE;
				CLANG_CXX_LANGUAGE_STANDARD = "gnu++14";
				CLANG_CXX_LIBRARY = "libc++";
				CLANG_ENABLE_MODULES = YES;
				CLANG_ENABLE_OBJC_ARC = YES;
				CLANG_WARN_BLOCK_CAPTURE_AUTORELEASING = YES;
				CLANG_WARN_BOOL_CONVERSION = YES;
				CLANG_WARN_COMMA = YES;
				CLANG_WARN_CONSTANT_CONVERSION = YES;
				CLANG_WARN_DIRECT_OBJC_ISA_USAGE = YES_ERROR;
				CLANG_WARN_DOCUMENTATION_COMMENTS = YES;
				CLANG_WARN_EMPTY_BODY = YES;
				CLANG_WARN_ENUM_CONVERSION = YES;
				CLANG_WARN_INFINITE_RECURSION = YES;
				CLANG_WARN_INT_CONVERSION = YES;
				CLANG_WARN_NON_LITERAL_NULL_CONVERSION = YES;
				CLANG_WARN_OBJC_LITERAL_CONVERSION = YES;
				CLANG_WARN_OBJC_ROOT_CLASS = YES_ERROR;
				CLANG_WARN_RANGE_LOOP_ANALYSIS = YES;
				CLANG_WARN_STRICT_PROTOTYPES = YES;
				CLANG_WARN_SUSPICIOUS_MOVE = YES;
				CLANG_WARN_UNGUARDED_AVAILABILITY = YES_AGGRESSIVE;
				CLANG_WARN_UNREACHABLE_CODE = YES;
				CLANG_WARN__DUPLICATE_METHOD_MATCH = YES;
				CODE_SIGN_IDENTITY = "iPhone Developer";
				COPY_PHASE_STRIP = NO;
				DEBUG_INFORMATION_FORMAT = "dwarf-with-dsym";
				ENABLE_NS_ASSERTIONS = NO;
				ENABLE_STRICT_OBJC_MSGSEND = YES;
				GCC_C_LANGUAGE_STANDARD = gnu11;
				GCC_NO_COMMON_BLOCKS = YES;
				GCC_WARN_64_TO_32_BIT_CONVERSION = YES;
				GCC_WARN_ABOUT_RETURN_TYPE = YES_ERROR;
				GCC_WARN_UNDECLARED_SELECTOR = YES;
				GCC_WARN_UNINITIALIZED_AUTOS = YES_AGGRESSIVE;
				GCC_WARN_UNUSED_FUNCTION = YES;
				GCC_WARN_UNUSED_VARIABLE = YES;
				IPHONEOS_DEPLOYMENT_TARGET = 11.2;
				MTL_ENABLE_DEBUG_INFO = NO;
				SDKROOT = iphoneos;
				SWIFT_OPTIMIZATION_LEVEL = "-Owholemodule";
				VALIDATE_PRODUCT = YES;
			};
			name = Release;
		};
		965914B82021DFA300EABD54 /* Debug */ = {
			isa = XCBuildConfiguration;
			buildSettings = {
				ALWAYS_EMBED_SWIFT_STANDARD_LIBRARIES = YES;
				ASSETCATALOG_COMPILER_APPICON_NAME = AppIcon;
				CODE_SIGN_STYLE = Automatic;
				DEVELOPMENT_TEAM = 7TXJ96V567;
				INFOPLIST_FILE = testGit/Info.plist;
				IPHONEOS_DEPLOYMENT_TARGET = 10.0;
				LD_RUNPATH_SEARCH_PATHS = "$(inherited) @executable_path/Frameworks";
				PRODUCT_BUNDLE_IDENTIFIER = cn.edu.hznu.testGit;
				PRODUCT_NAME = "$(TARGET_NAME)";
				SWIFT_VERSION = 4.0;
				TARGETED_DEVICE_FAMILY = "1,2";
			};
			name = Debug;
		};
		965914B92021DFA300EABD54 /* Release */ = {
			isa = XCBuildConfiguration;
			buildSettings = {
				ALWAYS_EMBED_SWIFT_STANDARD_LIBRARIES = YES;
				ASSETCATALOG_COMPILER_APPICON_NAME = AppIcon;
				CODE_SIGN_STYLE = Automatic;
				DEVELOPMENT_TEAM = 7TXJ96V567;
				INFOPLIST_FILE = testGit/Info.plist;
				IPHONEOS_DEPLOYMENT_TARGET = 10.0;
				LD_RUNPATH_SEARCH_PATHS = "$(inherited) @executable_path/Frameworks";
				PRODUCT_BUNDLE_IDENTIFIER = cn.edu.hznu.testGit;
				PRODUCT_NAME = "$(TARGET_NAME)";
				SWIFT_VERSION = 4.0;
				TARGETED_DEVICE_FAMILY = "1,2";
			};
			name = Release;
		};
		965914BB2021DFA300EABD54 /* Debug */ = {
			isa = XCBuildConfiguration;
			buildSettings = {
				ALWAYS_EMBED_SWIFT_STANDARD_LIBRARIES = YES;
				BUNDLE_LOADER = "$(TEST_HOST)";
				CODE_SIGN_STYLE = Automatic;
				DEVELOPMENT_TEAM = 7TXJ96V567;
				INFOPLIST_FILE = testGitTests/Info.plist;
				LD_RUNPATH_SEARCH_PATHS = "$(inherited) @executable_path/Frameworks @loader_path/Frameworks";
				PRODUCT_BUNDLE_IDENTIFIER = cn.edu.hznu.testGitTests;
				PRODUCT_NAME = "$(TARGET_NAME)";
				SWIFT_VERSION = 4.0;
				TARGETED_DEVICE_FAMILY = "1,2";
				TEST_HOST = "$(BUILT_PRODUCTS_DIR)/testGit.app/testGit";
			};
			name = Debug;
		};
		965914BC2021DFA300EABD54 /* Release */ = {
			isa = XCBuildConfiguration;
			buildSettings = {
				ALWAYS_EMBED_SWIFT_STANDARD_LIBRARIES = YES;
				BUNDLE_LOADER = "$(TEST_HOST)";
				CODE_SIGN_STYLE = Automatic;
				DEVELOPMENT_TEAM = 7TXJ96V567;
				INFOPLIST_FILE = testGitTests/Info.plist;
				LD_RUNPATH_SEARCH_PATHS = "$(inherited) @executable_path/Frameworks @loader_path/Frameworks";
				PRODUCT_BUNDLE_IDENTIFIER = cn.edu.hznu.testGitTests;
				PRODUCT_NAME = "$(TARGET_NAME)";
				SWIFT_VERSION = 4.0;
				TARGETED_DEVICE_FAMILY = "1,2";
				TEST_HOST = "$(BUILT_PRODUCTS_DIR)/testGit.app/testGit";
			};
			name = Release;
		};
		965914BE2021DFA300EABD54 /* Debug */ = {
			isa = XCBuildConfiguration;
			buildSettings = {
				ALWAYS_EMBED_SWIFT_STANDARD_LIBRARIES = YES;
				CODE_SIGN_STYLE = Automatic;
				DEVELOPMENT_TEAM = 7TXJ96V567;
				INFOPLIST_FILE = testGitUITests/Info.plist;
				LD_RUNPATH_SEARCH_PATHS = "$(inherited) @executable_path/Frameworks @loader_path/Frameworks";
				PRODUCT_BUNDLE_IDENTIFIER = cn.edu.hznu.testGitUITests;
				PRODUCT_NAME = "$(TARGET_NAME)";
				SWIFT_VERSION = 4.0;
				TARGETED_DEVICE_FAMILY = "1,2";
				TEST_TARGET_NAME = testGit;
			};
			name = Debug;
		};
		965914BF2021DFA300EABD54 /* Release */ = {
			isa = XCBuildConfiguration;
			buildSettings = {
				ALWAYS_EMBED_SWIFT_STANDARD_LIBRARIES = YES;
				CODE_SIGN_STYLE = Automatic;
				DEVELOPMENT_TEAM = 7TXJ96V567;
				INFOPLIST_FILE = testGitUITests/Info.plist;
				LD_RUNPATH_SEARCH_PATHS = "$(inherited) @executable_path/Frameworks @loader_path/Frameworks";
				PRODUCT_BUNDLE_IDENTIFIER = cn.edu.hznu.testGitUITests;
				PRODUCT_NAME = "$(TARGET_NAME)";
				SWIFT_VERSION = 4.0;
				TARGETED_DEVICE_FAMILY = "1,2";
				TEST_TARGET_NAME = testGit;
			};
			name = Release;
		};
/* End XCBuildConfiguration section */

/* Begin XCConfigurationList section */
		965914872021DFA200EABD54 /* Build configuration list for PBXProject "testGit" */ = {
			isa = XCConfigurationList;
			buildConfigurations = (
				965914B52021DFA300EABD54 /* Debug */,
				965914B62021DFA300EABD54 /* Release */,
			);
			defaultConfigurationIsVisible = 0;
			defaultConfigurationName = Release;
		};
		965914B72021DFA300EABD54 /* Build configuration list for PBXNativeTarget "testGit" */ = {
			isa = XCConfigurationList;
			buildConfigurations = (
				965914B82021DFA300EABD54 /* Debug */,
				965914B92021DFA300EABD54 /* Release */,
			);
			defaultConfigurationIsVisible = 0;
			defaultConfigurationName = Release;
		};
		965914BA2021DFA300EABD54 /* Build configuration list for PBXNativeTarget "testGitTests" */ = {
			isa = XCConfigurationList;
			buildConfigurations = (
				965914BB2021DFA300EABD54 /* Debug */,
				965914BC2021DFA300EABD54 /* Release */,
			);
			defaultConfigurationIsVisible = 0;
			defaultConfigurationName = Release;
		};
		965914BD2021DFA300EABD54 /* Build configuration list for PBXNativeTarget "testGitUITests" */ = {
			isa = XCConfigurationList;
			buildConfigurations = (
				965914BE2021DFA300EABD54 /* Debug */,
				965914BF2021DFA300EABD54 /* Release */,
			);
			defaultConfigurationIsVisible = 0;
			defaultConfigurationName = Release;
		};
/* End XCConfigurationList section */

/* Begin XCVersionGroup section */
		965914962021DFA200EABD54 /* testGit.xcdatamodeld */ = {
			isa = XCVersionGroup;
			children = (
				965914972021DFA200EABD54 /* testGit.xcdatamodel */,
			);
			currentVersion = 965914972021DFA200EABD54 /* testGit.xcdatamodel */;
			path = testGit.xcdatamodeld;
			sourceTree = "<group>";
			versionGroupType = wrapper.xcdatamodel;
		};
/* End XCVersionGroup section */
	};
	rootObject = 965914842021DFA200EABD54 /* Project object */;
}
